// !$*UTF8*$!
{
	archiveVersion = 1;
	classes = {
	};
	objectVersion = 56;
	objects = {

/* Begin PBXBuildFile section */
		D884A2442CDBC2A500709C05 /* impact.ttf in Resources */ = {isa = PBXBuildFile; fileRef = D884A2432CDBC2A500709C05 /* impact.ttf */; };
		D8DDBC5F2C94AC0F00629A6B /* Simon1App.swift in Sources */ = {isa = PBXBuildFile; fileRef = D8DDBC5E2C94AC0F00629A6B /* Simon1App.swift */; };
		D8DDBC612C94AC0F00629A6B /* ContentView.swift in Sources */ = {isa = PBXBuildFile; fileRef = D8DDBC602C94AC0F00629A6B /* ContentView.swift */; };
		D8DDBC632C94AC1100629A6B /* Assets.xcassets in Resources */ = {isa = PBXBuildFile; fileRef = D8DDBC622C94AC1100629A6B /* Assets.xcassets */; };
		D8DDBC672C94AC1100629A6B /* Preview Assets.xcassets in Resources */ = {isa = PBXBuildFile; fileRef = D8DDBC662C94AC1100629A6B /* Preview Assets.xcassets */; };
		D8DDBC712C94AC1100629A6B /* Simon1Tests.swift in Sources */ = {isa = PBXBuildFile; fileRef = D8DDBC702C94AC1100629A6B /* Simon1Tests.swift */; };
		D8DDBC7B2C94AC1100629A6B /* Simon1UITests.swift in Sources */ = {isa = PBXBuildFile; fileRef = D8DDBC7A2C94AC1100629A6B /* Simon1UITests.swift */; };
		D8DDBC7D2C94AC1100629A6B /* Simon1UITestsLaunchTests.swift in Sources */ = {isa = PBXBuildFile; fileRef = D8DDBC7C2C94AC1100629A6B /* Simon1UITestsLaunchTests.swift */; };
/* End PBXBuildFile section */

/* Begin PBXContainerItemProxy section */
		D8DDBC6D2C94AC1100629A6B /* PBXContainerItemProxy */ = {
			isa = PBXContainerItemProxy;
			containerPortal = D8DDBC532C94AC0F00629A6B /* Project object */;
			proxyType = 1;
			remoteGlobalIDString = D8DDBC5A2C94AC0F00629A6B;
			remoteInfo = Simon1;
		};
		D8DDBC772C94AC1100629A6B /* PBXContainerItemProxy */ = {
			isa = PBXContainerItemProxy;
			containerPortal = D8DDBC532C94AC0F00629A6B /* Project object */;
			proxyType = 1;
			remoteGlobalIDString = D8DDBC5A2C94AC0F00629A6B;
			remoteInfo = Simon1;
		};
/* End PBXContainerItemProxy section */

/* Begin PBXFileReference section */
		D884A2432CDBC2A500709C05 /* impact.ttf */ = {isa = PBXFileReference; lastKnownFileType = file; path = impact.ttf; sourceTree = "<group>"; };
		D884A2452CDBC2D100709C05 /* Info.plist */ = {isa = PBXFileReference; lastKnownFileType = text.plist; path = Info.plist; sourceTree = "<group>"; };
		D8DDBC5B2C94AC0F00629A6B /* Simon1.app */ = {isa = PBXFileReference; explicitFileType = wrapper.application; includeInIndex = 0; path = Simon1.app; sourceTree = BUILT_PRODUCTS_DIR; };
		D8DDBC5E2C94AC0F00629A6B /* Simon1App.swift */ = {isa = PBXFileReference; lastKnownFileType = sourcecode.swift; path = Simon1App.swift; sourceTree = "<group>"; };
		D8DDBC602C94AC0F00629A6B /* ContentView.swift */ = {isa = PBXFileReference; lastKnownFileType = sourcecode.swift; path = ContentView.swift; sourceTree = "<group>"; };
		D8DDBC622C94AC1100629A6B /* Assets.xcassets */ = {isa = PBXFileReference; lastKnownFileType = folder.assetcatalog; path = Assets.xcassets; sourceTree = "<group>"; };
		D8DDBC642C94AC1100629A6B /* Simon1.entitlements */ = {isa = PBXFileReference; lastKnownFileType = text.plist.entitlements; path = Simon1.entitlements; sourceTree = "<group>"; };
		D8DDBC662C94AC1100629A6B /* Preview Assets.xcassets */ = {isa = PBXFileReference; lastKnownFileType = folder.assetcatalog; path = "Preview Assets.xcassets"; sourceTree = "<group>"; };
		D8DDBC6C2C94AC1100629A6B /* Simon1Tests.xctest */ = {isa = PBXFileReference; explicitFileType = wrapper.cfbundle; includeInIndex = 0; path = Simon1Tests.xctest; sourceTree = BUILT_PRODUCTS_DIR; };
		D8DDBC702C94AC1100629A6B /* Simon1Tests.swift */ = {isa = PBXFileReference; lastKnownFileType = sourcecode.swift; path = Simon1Tests.swift; sourceTree = "<group>"; };
		D8DDBC762C94AC1100629A6B /* Simon1UITests.xctest */ = {isa = PBXFileReference; explicitFileType = wrapper.cfbundle; includeInIndex = 0; path = Simon1UITests.xctest; sourceTree = BUILT_PRODUCTS_DIR; };
		D8DDBC7A2C94AC1100629A6B /* Simon1UITests.swift */ = {isa = PBXFileReference; lastKnownFileType = sourcecode.swift; path = Simon1UITests.swift; sourceTree = "<group>"; };
		D8DDBC7C2C94AC1100629A6B /* Simon1UITestsLaunchTests.swift */ = {isa = PBXFileReference; lastKnownFileType = sourcecode.swift; path = Simon1UITestsLaunchTests.swift; sourceTree = "<group>"; };
/* End PBXFileReference section */

/* Begin PBXFrameworksBuildPhase section */
		D8DDBC582C94AC0F00629A6B /* Frameworks */ = {
			isa = PBXFrameworksBuildPhase;
			buildActionMask = 2147483647;
			files = (
			);
			runOnlyForDeploymentPostprocessing = 0;
		};
		D8DDBC692C94AC1100629A6B /* Frameworks */ = {
			isa = PBXFrameworksBuildPhase;
			buildActionMask = 2147483647;
			files = (
			);
			runOnlyForDeploymentPostprocessing = 0;
		};
		D8DDBC732C94AC1100629A6B /* Frameworks */ = {
			isa = PBXFrameworksBuildPhase;
			buildActionMask = 2147483647;
			files = (
			);
			runOnlyForDeploymentPostprocessing = 0;
		};
/* End PBXFrameworksBuildPhase section */

/* Begin PBXGroup section */
		D8DDBC522C94AC0F00629A6B = {
			isa = PBXGroup;
			children = (
				D8DDBC5D2C94AC0F00629A6B /* Simon1 */,
				D8DDBC6F2C94AC1100629A6B /* Simon1Tests */,
				D8DDBC792C94AC1100629A6B /* Simon1UITests */,
				D8DDBC5C2C94AC0F00629A6B /* Products */,
			);
			sourceTree = "<group>";
		};
		D8DDBC5C2C94AC0F00629A6B /* Products */ = {
			isa = PBXGroup;
			children = (
				D8DDBC5B2C94AC0F00629A6B /* Simon1.app */,
				D8DDBC6C2C94AC1100629A6B /* Simon1Tests.xctest */,
				D8DDBC762C94AC1100629A6B /* Simon1UITests.xctest */,
			);
			name = Products;
			sourceTree = "<group>";
		};
		D8DDBC5D2C94AC0F00629A6B /* Simon1 */ = {
			isa = PBXGroup;
			children = (
				D884A2452CDBC2D100709C05 /* Info.plist */,
				D8DDBC5E2C94AC0F00629A6B /* Simon1App.swift */,
				D8DDBC602C94AC0F00629A6B /* ContentView.swift */,
				D8DDBC622C94AC1100629A6B /* Assets.xcassets */,
				D8DDBC642C94AC1100629A6B /* Simon1.entitlements */,
				D884A2432CDBC2A500709C05 /* impact.ttf */,
				D8DDBC652C94AC1100629A6B /* Preview Content */,
			);
			path = Simon1;
			sourceTree = "<group>";
		};
		D8DDBC652C94AC1100629A6B /* Preview Content */ = {
			isa = PBXGroup;
			children = (
				D8DDBC662C94AC1100629A6B /* Preview Assets.xcassets */,
			);
			path = "Preview Content";
			sourceTree = "<group>";
		};
		D8DDBC6F2C94AC1100629A6B /* Simon1Tests */ = {
			isa = PBXGroup;
			children = (
				D8DDBC702C94AC1100629A6B /* Simon1Tests.swift */,
			);
			path = Simon1Tests;
			sourceTree = "<group>";
		};
		D8DDBC792C94AC1100629A6B /* Simon1UITests */ = {
			isa = PBXGroup;
			children = (
				D8DDBC7A2C94AC1100629A6B /* Simon1UITests.swift */,
				D8DDBC7C2C94AC1100629A6B /* Simon1UITestsLaunchTests.swift */,
			);
			path = Simon1UITests;
			sourceTree = "<group>";
		};
/* End PBXGroup section */

/* Begin PBXNativeTarget section */
		D8DDBC5A2C94AC0F00629A6B /* Simon1 */ = {
			isa = PBXNativeTarget;
			buildConfigurationList = D8DDBC802C94AC1100629A6B /* Build configuration list for PBXNativeTarget "Simon1" */;
			buildPhases = (
				D8DDBC572C94AC0F00629A6B /* Sources */,
				D8DDBC582C94AC0F00629A6B /* Frameworks */,
				D8DDBC592C94AC0F00629A6B /* Resources */,
			);
			buildRules = (
			);
			dependencies = (
			);
			name = Simon1;
			productName = Simon1;
			productReference = D8DDBC5B2C94AC0F00629A6B /* Simon1.app */;
			productType = "com.apple.product-type.application";
		};
		D8DDBC6B2C94AC1100629A6B /* Simon1Tests */ = {
			isa = PBXNativeTarget;
			buildConfigurationList = D8DDBC832C94AC1100629A6B /* Build configuration list for PBXNativeTarget "Simon1Tests" */;
			buildPhases = (
				D8DDBC682C94AC1100629A6B /* Sources */,
				D8DDBC692C94AC1100629A6B /* Frameworks */,
				D8DDBC6A2C94AC1100629A6B /* Resources */,
			);
			buildRules = (
			);
			dependencies = (
				D8DDBC6E2C94AC1100629A6B /* PBXTargetDependency */,
			);
			name = Simon1Tests;
			productName = Simon1Tests;
			productReference = D8DDBC6C2C94AC1100629A6B /* Simon1Tests.xctest */;
			productType = "com.apple.product-type.bundle.unit-test";
		};
		D8DDBC752C94AC1100629A6B /* Simon1UITests */ = {
			isa = PBXNativeTarget;
			buildConfigurationList = D8DDBC862C94AC1100629A6B /* Build configuration list for PBXNativeTarget "Simon1UITests" */;
			buildPhases = (
				D8DDBC722C94AC1100629A6B /* Sources */,
				D8DDBC732C94AC1100629A6B /* Frameworks */,
				D8DDBC742C94AC1100629A6B /* Resources */,
			);
			buildRules = (
			);
			dependencies = (
				D8DDBC782C94AC1100629A6B /* PBXTargetDependency */,
			);
			name = Simon1UITests;
			productName = Simon1UITests;
			productReference = D8DDBC762C94AC1100629A6B /* Simon1UITests.xctest */;
			productType = "com.apple.product-type.bundle.ui-testing";
		};
/* End PBXNativeTarget section */

/* Begin PBXProject section */
		D8DDBC532C94AC0F00629A6B /* Project object */ = {
			isa = PBXProject;
			attributes = {
				BuildIndependentTargetsInParallel = 1;
				LastSwiftUpdateCheck = 1540;
				LastUpgradeCheck = 1540;
				TargetAttributes = {
					D8DDBC5A2C94AC0F00629A6B = {
						CreatedOnToolsVersion = 15.4;
					};
					D8DDBC6B2C94AC1100629A6B = {
						CreatedOnToolsVersion = 15.4;
						TestTargetID = D8DDBC5A2C94AC0F00629A6B;
					};
					D8DDBC752C94AC1100629A6B = {
						CreatedOnToolsVersion = 15.4;
						TestTargetID = D8DDBC5A2C94AC0F00629A6B;
					};
				};
			};
			buildConfigurationList = D8DDBC562C94AC0F00629A6B /* Build configuration list for PBXProject "Simon1" */;
			compatibilityVersion = "Xcode 14.0";
			developmentRegion = en;
			hasScannedForEncodings = 0;
			knownRegions = (
				en,
				Base,
			);
			mainGroup = D8DDBC522C94AC0F00629A6B;
			productRefGroup = D8DDBC5C2C94AC0F00629A6B /* Products */;
			projectDirPath = "";
			projectRoot = "";
			targets = (
				D8DDBC5A2C94AC0F00629A6B /* Simon1 */,
				D8DDBC6B2C94AC1100629A6B /* Simon1Tests */,
				D8DDBC752C94AC1100629A6B /* Simon1UITests */,
			);
		};
/* End PBXProject section */

/* Begin PBXResourcesBuildPhase section */
		D8DDBC592C94AC0F00629A6B /* Resources */ = {
			isa = PBXResourcesBuildPhase;
			buildActionMask = 2147483647;
			files = (
				D8DDBC672C94AC1100629A6B /* Preview Assets.xcassets in Resources */,
				D8DDBC632C94AC1100629A6B /* Assets.xcassets in Resources */,
				D884A2442CDBC2A500709C05 /* impact.ttf in Resources */,
			);
			runOnlyForDeploymentPostprocessing = 0;
		};
		D8DDBC6A2C94AC1100629A6B /* Resources */ = {
			isa = PBXResourcesBuildPhase;
			buildActionMask = 2147483647;
			files = (
			);
			runOnlyForDeploymentPostprocessing = 0;
		};
		D8DDBC742C94AC1100629A6B /* Resources */ = {
			isa = PBXResourcesBuildPhase;
			buildActionMask = 2147483647;
			files = (
			);
			runOnlyForDeploymentPostprocessing = 0;
		};
/* End PBXResourcesBuildPhase section */

/* Begin PBXSourcesBuildPhase section */
		D8DDBC572C94AC0F00629A6B /* Sources */ = {
			isa = PBXSourcesBuildPhase;
			buildActionMask = 2147483647;
			files = (
				D8DDBC612C94AC0F00629A6B /* ContentView.swift in Sources */,
				D8DDBC5F2C94AC0F00629A6B /* Simon1App.swift in Sources */,
			);
			runOnlyForDeploymentPostprocessing = 0;
		};
		D8DDBC682C94AC1100629A6B /* Sources */ = {
			isa = PBXSourcesBuildPhase;
			buildActionMask = 2147483647;
			files = (
				D8DDBC712C94AC1100629A6B /* Simon1Tests.swift in Sources */,
			);
			runOnlyForDeploymentPostprocessing = 0;
		};
		D8DDBC722C94AC1100629A6B /* Sources */ = {
			isa = PBXSourcesBuildPhase;
			buildActionMask = 2147483647;
			files = (
				D8DDBC7B2C94AC1100629A6B /* Simon1UITests.swift in Sources */,
				D8DDBC7D2C94AC1100629A6B /* Simon1UITestsLaunchTests.swift in Sources */,
			);
			runOnlyForDeploymentPostprocessing = 0;
		};
/* End PBXSourcesBuildPhase section */

/* Begin PBXTargetDependency section */
		D8DDBC6E2C94AC1100629A6B /* PBXTargetDependency */ = {
			isa = PBXTargetDependency;
			target = D8DDBC5A2C94AC0F00629A6B /* Simon1 */;
			targetProxy = D8DDBC6D2C94AC1100629A6B /* PBXContainerItemProxy */;
		};
		D8DDBC782C94AC1100629A6B /* PBXTargetDependency */ = {
			isa = PBXTargetDependency;
			target = D8DDBC5A2C94AC0F00629A6B /* Simon1 */;
			targetProxy = D8DDBC772C94AC1100629A6B /* PBXContainerItemProxy */;
		};
/* End PBXTargetDependency section */

/* Begin XCBuildConfiguration section */
		D8DDBC7E2C94AC1100629A6B /* Debug */ = {
			isa = XCBuildConfiguration;
			buildSettings = {
				ALWAYS_SEARCH_USER_PATHS = NO;
				ASSETCATALOG_COMPILER_GENERATE_SWIFT_ASSET_SYMBOL_EXTENSIONS = YES;
				CLANG_ANALYZER_NONNULL = YES;
				CLANG_ANALYZER_NUMBER_OBJECT_CONVERSION = YES_AGGRESSIVE;
				CLANG_CXX_LANGUAGE_STANDARD = "gnu++20";
				CLANG_ENABLE_MODULES = YES;
				CLANG_ENABLE_OBJC_ARC = YES;
				CLANG_ENABLE_OBJC_WEAK = YES;
				CLANG_WARN_BLOCK_CAPTURE_AUTORELEASING = YES;
				CLANG_WARN_BOOL_CONVERSION = YES;
				CLANG_WARN_COMMA = YES;
				CLANG_WARN_CONSTANT_CONVERSION = YES;
				CLANG_WARN_DEPRECATED_OBJC_IMPLEMENTATIONS = YES;
				CLANG_WARN_DIRECT_OBJC_ISA_USAGE = YES_ERROR;
				CLANG_WARN_DOCUMENTATION_COMMENTS = YES;
				CLANG_WARN_EMPTY_BODY = YES;
				CLANG_WARN_ENUM_CONVERSION = YES;
				CLANG_WARN_INFINITE_RECURSION = YES;
				CLANG_WARN_INT_CONVERSION = YES;
				CLANG_WARN_NON_LITERAL_NULL_CONVERSION = YES;
				CLANG_WARN_OBJC_IMPLICIT_RETAIN_SELF = YES;
				CLANG_WARN_OBJC_LITERAL_CONVERSION = YES;
				CLANG_WARN_OBJC_ROOT_CLASS = YES_ERROR;
				CLANG_WARN_QUOTED_INCLUDE_IN_FRAMEWORK_HEADER = YES;
				CLANG_WARN_RANGE_LOOP_ANALYSIS = YES;
				CLANG_WARN_STRICT_PROTOTYPES = YES;
				CLANG_WARN_SUSPICIOUS_MOVE = YES;
				CLANG_WARN_UNGUARDED_AVAILABILITY = YES_AGGRESSIVE;
				CLANG_WARN_UNREACHABLE_CODE = YES;
				CLANG_WARN__DUPLICATE_METHOD_MATCH = YES;
				COPY_PHASE_STRIP = NO;
				DEBUG_INFORMATION_FORMAT = dwarf;
				ENABLE_STRICT_OBJC_MSGSEND = YES;
				ENABLE_TESTABILITY = YES;
				ENABLE_USER_SCRIPT_SANDBOXING = YES;
				GCC_C_LANGUAGE_STANDARD = gnu17;
				GCC_DYNAMIC_NO_PIC = NO;
				GCC_NO_COMMON_BLOCKS = YES;
				GCC_OPTIMIZATION_LEVEL = 0;
				GCC_PREPROCESSOR_DEFINITIONS = (
					"DEBUG=1",
					"$(inherited)",
				);
				GCC_WARN_64_TO_32_BIT_CONVERSION = YES;
				GCC_WARN_ABOUT_RETURN_TYPE = YES_ERROR;
				GCC_WARN_UNDECLARED_SELECTOR = YES;
				GCC_WARN_UNINITIALIZED_AUTOS = YES_AGGRESSIVE;
				GCC_WARN_UNUSED_FUNCTION = YES;
				GCC_WARN_UNUSED_VARIABLE = YES;
				LOCALIZATION_PREFERS_STRING_CATALOGS = YES;
				MTL_ENABLE_DEBUG_INFO = INCLUDE_SOURCE;
				MTL_FAST_MATH = YES;
				ONLY_ACTIVE_ARCH = YES;
				SWIFT_ACTIVE_COMPILATION_CONDITIONS = "DEBUG $(inherited)";
				SWIFT_OPTIMIZATION_LEVEL = "-Onone";
			};
			name = Debug;
		};
		D8DDBC7F2C94AC1100629A6B /* Release */ = {
			isa = XCBuildConfiguration;
			buildSettings = {
				ALWAYS_SEARCH_USER_PATHS = NO;
				ASSETCATALOG_COMPILER_GENERATE_SWIFT_ASSET_SYMBOL_EXTENSIONS = YES;
				CLANG_ANALYZER_NONNULL = YES;
				CLANG_ANALYZER_NUMBER_OBJECT_CONVERSION = YES_AGGRESSIVE;
				CLANG_CXX_LANGUAGE_STANDARD = "gnu++20";
				CLANG_ENABLE_MODULES = YES;
				CLANG_ENABLE_OBJC_ARC = YES;
				CLANG_ENABLE_OBJC_WEAK = YES;
				CLANG_WARN_BLOCK_CAPTURE_AUTORELEASING = YES;
				CLANG_WARN_BOOL_CONVERSION = YES;
				CLANG_WARN_COMMA = YES;
				CLANG_WARN_CONSTANT_CONVERSION = YES;
				CLANG_WARN_DEPRECATED_OBJC_IMPLEMENTATIONS = YES;
				CLANG_WARN_DIRECT_OBJC_ISA_USAGE = YES_ERROR;
				CLANG_WARN_DOCUMENTATION_COMMENTS = YES;
				CLANG_WARN_EMPTY_BODY = YES;
				CLANG_WARN_ENUM_CONVERSION = YES;
				CLANG_WARN_INFINITE_RECURSION = YES;
				CLANG_WARN_INT_CONVERSION = YES;
				CLANG_WARN_NON_LITERAL_NULL_CONVERSION = YES;
				CLANG_WARN_OBJC_IMPLICIT_RETAIN_SELF = YES;
				CLANG_WARN_OBJC_LITERAL_CONVERSION = YES;
				CLANG_WARN_OBJC_ROOT_CLASS = YES_ERROR;
				CLANG_WARN_QUOTED_INCLUDE_IN_FRAMEWORK_HEADER = YES;
				CLANG_WARN_RANGE_LOOP_ANALYSIS = YES;
				CLANG_WARN_STRICT_PROTOTYPES = YES;
				CLANG_WARN_SUSPICIOUS_MOVE = YES;
				CLANG_WARN_UNGUARDED_AVAILABILITY = YES_AGGRESSIVE;
				CLANG_WARN_UNREACHABLE_CODE = YES;
				CLANG_WARN__DUPLICATE_METHOD_MATCH = YES;
				COPY_PHASE_STRIP = NO;
				DEBUG_INFORMATION_FORMAT = "dwarf-with-dsym";
				ENABLE_NS_ASSERTIONS = NO;
				ENABLE_STRICT_OBJC_MSGSEND = YES;
				ENABLE_USER_SCRIPT_SANDBOXING = YES;
				GCC_C_LANGUAGE_STANDARD = gnu17;
				GCC_NO_COMMON_BLOCKS = YES;
				GCC_WARN_64_TO_32_BIT_CONVERSION = YES;
				GCC_WARN_ABOUT_RETURN_TYPE = YES_ERROR;
				GCC_WARN_UNDECLARED_SELECTOR = YES;
				GCC_WARN_UNINITIALIZED_AUTOS = YES_AGGRESSIVE;
				GCC_WARN_UNUSED_FUNCTION = YES;
				GCC_WARN_UNUSED_VARIABLE = YES;
				LOCALIZATION_PREFERS_STRING_CATALOGS = YES;
				MTL_ENABLE_DEBUG_INFO = NO;
				MTL_FAST_MATH = YES;
				SWIFT_COMPILATION_MODE = wholemodule;
			};
			name = Release;
		};
		D8DDBC812C94AC1100629A6B /* Debug */ = {
			isa = XCBuildConfiguration;
			buildSettings = {
				ASSETCATALOG_COMPILER_APPICON_NAME = AppIcon;
				ASSETCATALOG_COMPILER_GLOBAL_ACCENT_COLOR_NAME = AccentColor;
				CODE_SIGN_ENTITLEMENTS = Simon1/Simon1.entitlements;
				CODE_SIGN_STYLE = Automatic;
				CURRENT_PROJECT_VERSION = 1;
				DEVELOPMENT_ASSET_PATHS = "\"Simon1/Preview Content\"";
				DEVELOPMENT_TEAM = Y747TT5ZQQ;
				ENABLE_HARDENED_RUNTIME = YES;
				ENABLE_PREVIEWS = YES;
				GENERATE_INFOPLIST_FILE = YES;
				INFOPLIST_FILE = Simon1/Info.plist;
				"INFOPLIST_KEY_UIApplicationSceneManifest_Generation[sdk=iphoneos*]" = YES;
				"INFOPLIST_KEY_UIApplicationSceneManifest_Generation[sdk=iphonesimulator*]" = YES;
				"INFOPLIST_KEY_UIApplicationSupportsIndirectInputEvents[sdk=iphoneos*]" = YES;
				"INFOPLIST_KEY_UIApplicationSupportsIndirectInputEvents[sdk=iphonesimulator*]" = YES;
				"INFOPLIST_KEY_UILaunchScreen_Generation[sdk=iphoneos*]" = YES;
				"INFOPLIST_KEY_UILaunchScreen_Generation[sdk=iphonesimulator*]" = YES;
				"INFOPLIST_KEY_UIStatusBarStyle[sdk=iphoneos*]" = UIStatusBarStyleDefault;
				"INFOPLIST_KEY_UIStatusBarStyle[sdk=iphonesimulator*]" = UIStatusBarStyleDefault;
				INFOPLIST_KEY_UISupportedInterfaceOrientations_iPad = "UIInterfaceOrientationPortrait UIInterfaceOrientationPortraitUpsideDown UIInterfaceOrientationLandscapeLeft UIInterfaceOrientationLandscapeRight";
				INFOPLIST_KEY_UISupportedInterfaceOrientations_iPhone = "UIInterfaceOrientationPortrait UIInterfaceOrientationLandscapeLeft UIInterfaceOrientationLandscapeRight";
				IPHONEOS_DEPLOYMENT_TARGET = 17.5;
				LD_RUNPATH_SEARCH_PATHS = "@executable_path/Frameworks";
				"LD_RUNPATH_SEARCH_PATHS[sdk=macosx*]" = "@executable_path/../Frameworks";
				MACOSX_DEPLOYMENT_TARGET = 14.5;
				MARKETING_VERSION = 1.0;
				PRODUCT_BUNDLE_IDENTIFIER = JonathanVarghese.Simon1;
				PRODUCT_NAME = "$(TARGET_NAME)";
				SDKROOT = auto;
				SUPPORTED_PLATFORMS = "iphoneos iphonesimulator macosx";
				SWIFT_EMIT_LOC_STRINGS = YES;
				SWIFT_VERSION = 5.0;
				TARGETED_DEVICE_FAMILY = "1,2";
			};
			name = Debug;
		};
		D8DDBC822C94AC1100629A6B /* Release */ = {
			isa = XCBuildConfiguration;
			buildSettings = {
				ASSETCATALOG_COMPILER_APPICON_NAME = AppIcon;
				ASSETCATALOG_COMPILER_GLOBAL_ACCENT_COLOR_NAME = AccentColor;
				CODE_SIGN_ENTITLEMENTS = Simon1/Simon1.entitlements;
				CODE_SIGN_STYLE = Automatic;
				CURRENT_PROJECT_VERSION = 1;
				DEVELOPMENT_ASSET_PATHS = "\"Simon1/Preview Content\"";
				DEVELOPMENT_TEAM = Y747TT5ZQQ;
				ENABLE_HARDENED_RUNTIME = YES;
				ENABLE_PREVIEWS = YES;
				GENERATE_INFOPLIST_FILE = YES;
				INFOPLIST_FILE = Simon1/Info.plist;
				"INFOPLIST_KEY_UIApplicationSceneManifest_Generation[sdk=iphoneos*]" = YES;
				"INFOPLIST_KEY_UIApplicationSceneManifest_Generation[sdk=iphonesimulator*]" = YES;
				"INFOPLIST_KEY_UIApplicationSupportsIndirectInputEvents[sdk=iphoneos*]" = YES;
				"INFOPLIST_KEY_UIApplicationSupportsIndirectInputEvents[sdk=iphonesimulator*]" = YES;
				"INFOPLIST_KEY_UILaunchScreen_Generation[sdk=iphoneos*]" = YES;
				"INFOPLIST_KEY_UILaunchScreen_Generation[sdk=iphonesimulator*]" = YES;
				"INFOPLIST_KEY_UIStatusBarStyle[sdk=iphoneos*]" = UIStatusBarStyleDefault;
				"INFOPLIST_KEY_UIStatusBarStyle[sdk=iphonesimulator*]" = UIStatusBarStyleDefault;
				INFOPLIST_KEY_UISupportedInterfaceOrientations_iPad = "UIInterfaceOrientationPortrait UIInterfaceOrientationPortraitUpsideDown UIInterfaceOrientationLandscapeLeft UIInterfaceOrientationLandscapeRight";
				INFOPLIST_KEY_UISupportedInterfaceOrientations_iPhone = "UIInterfaceOrientationPortrait UIInterfaceOrientationLandscapeLeft UIInterfaceOrientationLandscapeRight";
				IPHONEOS_DEPLOYMENT_TARGET = 17.5;
				LD_RUNPATH_SEARCH_PATHS = "@executable_path/Frameworks";
				"LD_RUNPATH_SEARCH_PATHS[sdk=macosx*]" = "@executable_path/../Frameworks";
				MACOSX_DEPLOYMENT_TARGET = 14.5;
				MARKETING_VERSION = 1.0;
				PRODUCT_BUNDLE_IDENTIFIER = JonathanVarghese.Simon1;
				PRODUCT_NAME = "$(TARGET_NAME)";
				SDKROOT = auto;
				SUPPORTED_PLATFORMS = "iphoneos iphonesimulator macosx";
				SWIFT_EMIT_LOC_STRINGS = YES;
				SWIFT_VERSION = 5.0;
				TARGETED_DEVICE_FAMILY = "1,2";
			};
			name = Release;
		};
		D8DDBC842C94AC1100629A6B /* Debug */ = {
			isa = XCBuildConfiguration;
			buildSettings = {
				ALWAYS_EMBED_SWIFT_STANDARD_LIBRARIES = YES;
				BUNDLE_LOADER = "$(TEST_HOST)";
				CODE_SIGN_STYLE = Automatic;
				CURRENT_PROJECT_VERSION = 1;
				DEVELOPMENT_TEAM = Y747TT5ZQQ;
				GENERATE_INFOPLIST_FILE = YES;
				IPHONEOS_DEPLOYMENT_TARGET = 17.5;
				MACOSX_DEPLOYMENT_TARGET = 14.5;
				MARKETING_VERSION = 1.0;
				PRODUCT_BUNDLE_IDENTIFIER = JonathanVarghese.Simon1Tests;
				PRODUCT_NAME = "$(TARGET_NAME)";
				SDKROOT = auto;
				SUPPORTED_PLATFORMS = "iphoneos iphonesimulator macosx";
				SWIFT_EMIT_LOC_STRINGS = NO;
				SWIFT_VERSION = 5.0;
				TARGETED_DEVICE_FAMILY = "1,2";
				TEST_HOST = "$(BUILT_PRODUCTS_DIR)/Simon1.app/$(BUNDLE_EXECUTABLE_FOLDER_PATH)/Simon1";
			};
			name = Debug;
		};
		D8DDBC852C94AC1100629A6B /* Release */ = {
			isa = XCBuildConfiguration;
			buildSettings = {
				ALWAYS_EMBED_SWIFT_STANDARD_LIBRARIES = YES;
				BUNDLE_LOADER = "$(TEST_HOST)";
				CODE_SIGN_STYLE = Automatic;
				CURRENT_PROJECT_VERSION = 1;
				DEVELOPMENT_TEAM = Y747TT5ZQQ;
				GENERATE_INFOPLIST_FILE = YES;
				IPHONEOS_DEPLOYMENT_TARGET = 17.5;
				MACOSX_DEPLOYMENT_TARGET = 14.5;
				MARKETING_VERSION = 1.0;
				PRODUCT_BUNDLE_IDENTIFIER = JonathanVarghese.Simon1Tests;
				PRODUCT_NAME = "$(TARGET_NAME)";
				SDKROOT = auto;
				SUPPORTED_PLATFORMS = "iphoneos iphonesimulator macosx";
				SWIFT_EMIT_LOC_STRINGS = NO;
				SWIFT_VERSION = 5.0;
				TARGETED_DEVICE_FAMILY = "1,2";
				TEST_HOST = "$(BUILT_PRODUCTS_DIR)/Simon1.app/$(BUNDLE_EXECUTABLE_FOLDER_PATH)/Simon1";
			};
			name = Release;
		};
		D8DDBC872C94AC1100629A6B /* Debug */ = {
			isa = XCBuildConfiguration;
			buildSettings = {
				ALWAYS_EMBED_SWIFT_STANDARD_LIBRARIES = YES;
				CODE_SIGN_STYLE = Automatic;
				CURRENT_PROJECT_VERSION = 1;
				DEVELOPMENT_TEAM = Y747TT5ZQQ;
				GENERATE_INFOPLIST_FILE = YES;
				IPHONEOS_DEPLOYMENT_TARGET = 17.5;
				MACOSX_DEPLOYMENT_TARGET = 14.5;
				MARKETING_VERSION = 1.0;
				PRODUCT_BUNDLE_IDENTIFIER = JonathanVarghese.Simon1UITests;
				PRODUCT_NAME = "$(TARGET_NAME)";
				SDKROOT = auto;
				SUPPORTED_PLATFORMS = "iphoneos iphonesimulator macosx";
				SWIFT_EMIT_LOC_STRINGS = NO;
				SWIFT_VERSION = 5.0;
				TARGETED_DEVICE_FAMILY = "1,2";
				TEST_TARGET_NAME = Simon1;
			};
			name = Debug;
		};
		D8DDBC882C94AC1100629A6B /* Release */ = {
			isa = XCBuildConfiguration;
			buildSettings = {
				ALWAYS_EMBED_SWIFT_STANDARD_LIBRARIES = YES;
				CODE_SIGN_STYLE = Automatic;
				CURRENT_PROJECT_VERSION = 1;
				DEVELOPMENT_TEAM = Y747TT5ZQQ;
				GENERATE_INFOPLIST_FILE = YES;
				IPHONEOS_DEPLOYMENT_TARGET = 17.5;
				MACOSX_DEPLOYMENT_TARGET = 14.5;
				MARKETING_VERSION = 1.0;
				PRODUCT_BUNDLE_IDENTIFIER = JonathanVarghese.Simon1UITests;
				PRODUCT_NAME = "$(TARGET_NAME)";
				SDKROOT = auto;
				SUPPORTED_PLATFORMS = "iphoneos iphonesimulator macosx";
				SWIFT_EMIT_LOC_STRINGS = NO;
				SWIFT_VERSION = 5.0;
				TARGETED_DEVICE_FAMILY = "1,2";
				TEST_TARGET_NAME = Simon1;
			};
			name = Release;
		};
/* End XCBuildConfiguration section */

/* Begin XCConfigurationList section */
		D8DDBC562C94AC0F00629A6B /* Build configuration list for PBXProject "Simon1" */ = {
			isa = XCConfigurationList;
			buildConfigurations = (
				D8DDBC7E2C94AC1100629A6B /* Debug */,
				D8DDBC7F2C94AC1100629A6B /* Release */,
			);
			defaultConfigurationIsVisible = 0;
			defaultConfigurationName = Release;
		};
		D8DDBC802C94AC1100629A6B /* Build configuration list for PBXNativeTarget "Simon1" */ = {
			isa = XCConfigurationList;
			buildConfigurations = (
				D8DDBC812C94AC1100629A6B /* Debug */,
				D8DDBC822C94AC1100629A6B /* Release */,
			);
			defaultConfigurationIsVisible = 0;
			defaultConfigurationName = Release;
		};
		D8DDBC832C94AC1100629A6B /* Build configuration list for PBXNativeTarget "Simon1Tests" */ = {
			isa = XCConfigurationList;
			buildConfigurations = (
				D8DDBC842C94AC1100629A6B /* Debug */,
				D8DDBC852C94AC1100629A6B /* Release */,
			);
			defaultConfigurationIsVisible = 0;
			defaultConfigurationName = Release;
		};
		D8DDBC862C94AC1100629A6B /* Build configuration list for PBXNativeTarget "Simon1UITests" */ = {
			isa = XCConfigurationList;
			buildConfigurations = (
				D8DDBC872C94AC1100629A6B /* Debug */,
				D8DDBC882C94AC1100629A6B /* Release */,
			);
			defaultConfigurationIsVisible = 0;
			defaultConfigurationName = Release;
		};
/* End XCConfigurationList section */
	};
	rootObject = D8DDBC532C94AC0F00629A6B /* Project object */;
}
